// !$*UTF8*$!
{
	archiveVersion = 1;
	classes = {
	};
	objectVersion = 46;
	objects = {

/* Begin PBXBuildFile section */
		381728331AEBFA53003510F8 /* JSMTaskList.m in Sources */ = {isa = PBXBuildFile; fileRef = 381728321AEBFA53003510F8 /* JSMTaskList.m */; };
		381728361AEBFBBD003510F8 /* JSMTaskDataManager.m in Sources */ = {isa = PBXBuildFile; fileRef = 381728351AEBFBBD003510F8 /* JSMTaskDataManager.m */; };
		382BF4811B19184F0029CF97 /* JSMTaskTableViewController.m in Sources */ = {isa = PBXBuildFile; fileRef = 382BF4801B19184F0029CF97 /* JSMTaskTableViewController.m */; };
		38774B4D1AD313F70017C37C /* main.m in Sources */ = {isa = PBXBuildFile; fileRef = 38774B4C1AD313F70017C37C /* main.m */; };
		38774B501AD313F70017C37C /* AppDelegate.m in Sources */ = {isa = PBXBuildFile; fileRef = 38774B4F1AD313F70017C37C /* AppDelegate.m */; };
		38774B531AD313F70017C37C /* ViewController.m in Sources */ = {isa = PBXBuildFile; fileRef = 38774B521AD313F70017C37C /* ViewController.m */; };
		38774B561AD313F70017C37C /* Main.storyboard in Resources */ = {isa = PBXBuildFile; fileRef = 38774B541AD313F70017C37C /* Main.storyboard */; };
		38774B581AD313F70017C37C /* Images.xcassets in Resources */ = {isa = PBXBuildFile; fileRef = 38774B571AD313F70017C37C /* Images.xcassets */; };
		38774B5B1AD313F70017C37C /* LaunchScreen.xib in Resources */ = {isa = PBXBuildFile; fileRef = 38774B591AD313F70017C37C /* LaunchScreen.xib */; };
		38774B671AD313F70017C37C /* ListTests.m in Sources */ = {isa = PBXBuildFile; fileRef = 38774B661AD313F70017C37C /* ListTests.m */; };
		38774B751AD314560017C37C /* JSMTask.m in Sources */ = {isa = PBXBuildFile; fileRef = 38774B741AD314560017C37C /* JSMTask.m */; };
		38AA79071AFE8D1100A5A5D5 /* UILabel+WhiteUIDatePickerLabels.m in Sources */ = {isa = PBXBuildFile; fileRef = 38AA79061AFE8D1100A5A5D5 /* UILabel+WhiteUIDatePickerLabels.m */; };
		38ADD4071AF96784000BC5CF /* JSMNewTaskTableViewController.m in Sources */ = {isa = PBXBuildFile; fileRef = 38ADD4061AF96784000BC5CF /* JSMNewTaskTableViewController.m */; };
		38ADD40D1AF9B875000BC5CF /* JSMTaskListTableViewController.m in Sources */ = {isa = PBXBuildFile; fileRef = 38ADD40C1AF9B875000BC5CF /* JSMTaskListTableViewController.m */; };
		38ADD4101AF9C101000BC5CF /* JSMTaskTableViewCell.m in Sources */ = {isa = PBXBuildFile; fileRef = 38ADD40F1AF9C101000BC5CF /* JSMTaskTableViewCell.m */; };
		38E423CD1B244AEF0085F183 /* List.xcdatamodeld in Sources */ = {isa = PBXBuildFile; fileRef = 38E423CB1B244AEF0085F183 /* List.xcdatamodeld */; };
		38FEBB471AD42ABD00C4FC56 /* JSMConstants.m in Sources */ = {isa = PBXBuildFile; fileRef = 38FEBB461AD42ABD00C4FC56 /* JSMConstants.m */; };
		CAE61324BBB18258CF565377 /* libPods-List.a in Frameworks */ = {isa = PBXBuildFile; fileRef = A215EDF48DED864F9E1A3EF3 /* libPods-List.a */; };
/* End PBXBuildFile section */

/* Begin PBXContainerItemProxy section */
		38774B611AD313F70017C37C /* PBXContainerItemProxy */ = {
			isa = PBXContainerItemProxy;
			containerPortal = 38774B3F1AD313F70017C37C /* Project object */;
			proxyType = 1;
			remoteGlobalIDString = 38774B461AD313F70017C37C;
			remoteInfo = List;
		};
/* End PBXContainerItemProxy section */

/* Begin PBXFileReference section */
		381728311AEBFA53003510F8 /* JSMTaskList.h */ = {isa = PBXFileReference; fileEncoding = 4; lastKnownFileType = sourcecode.c.h; path = JSMTaskList.h; sourceTree = "<group>"; };
		381728321AEBFA53003510F8 /* JSMTaskList.m */ = {isa = PBXFileReference; fileEncoding = 4; lastKnownFileType = sourcecode.c.objc; path = JSMTaskList.m; sourceTree = "<group>"; };
		381728341AEBFBBD003510F8 /* JSMTaskDataManager.h */ = {isa = PBXFileReference; fileEncoding = 4; lastKnownFileType = sourcecode.c.h; path = JSMTaskDataManager.h; sourceTree = "<group>"; };
		381728351AEBFBBD003510F8 /* JSMTaskDataManager.m */ = {isa = PBXFileReference; fileEncoding = 4; lastKnownFileType = sourcecode.c.objc; path = JSMTaskDataManager.m; sourceTree = "<group>"; };
		382BF47F1B19184F0029CF97 /* JSMTaskTableViewController.h */ = {isa = PBXFileReference; fileEncoding = 4; lastKnownFileType = sourcecode.c.h; path = JSMTaskTableViewController.h; sourceTree = "<group>"; };
		382BF4801B19184F0029CF97 /* JSMTaskTableViewController.m */ = {isa = PBXFileReference; fileEncoding = 4; lastKnownFileType = sourcecode.c.objc; path = JSMTaskTableViewController.m; sourceTree = "<group>"; };
		38774B471AD313F70017C37C /* List.app */ = {isa = PBXFileReference; explicitFileType = wrapper.application; includeInIndex = 0; path = List.app; sourceTree = BUILT_PRODUCTS_DIR; };
		38774B4B1AD313F70017C37C /* Info.plist */ = {isa = PBXFileReference; lastKnownFileType = text.plist.xml; path = Info.plist; sourceTree = "<group>"; };
		38774B4C1AD313F70017C37C /* main.m */ = {isa = PBXFileReference; lastKnownFileType = sourcecode.c.objc; path = main.m; sourceTree = "<group>"; };
		38774B4E1AD313F70017C37C /* AppDelegate.h */ = {isa = PBXFileReference; lastKnownFileType = sourcecode.c.h; path = AppDelegate.h; sourceTree = "<group>"; };
		38774B4F1AD313F70017C37C /* AppDelegate.m */ = {isa = PBXFileReference; lastKnownFileType = sourcecode.c.objc; path = AppDelegate.m; sourceTree = "<group>"; };
		38774B511AD313F70017C37C /* ViewController.h */ = {isa = PBXFileReference; lastKnownFileType = sourcecode.c.h; path = ViewController.h; sourceTree = "<group>"; };
		38774B521AD313F70017C37C /* ViewController.m */ = {isa = PBXFileReference; lastKnownFileType = sourcecode.c.objc; path = ViewController.m; sourceTree = "<group>"; };
		38774B551AD313F70017C37C /* Base */ = {isa = PBXFileReference; lastKnownFileType = file.storyboard; name = Base; path = Base.lproj/Main.storyboard; sourceTree = "<group>"; };
		38774B571AD313F70017C37C /* Images.xcassets */ = {isa = PBXFileReference; lastKnownFileType = folder.assetcatalog; path = Images.xcassets; sourceTree = "<group>"; };
		38774B5A1AD313F70017C37C /* Base */ = {isa = PBXFileReference; lastKnownFileType = file.xib; name = Base; path = Base.lproj/LaunchScreen.xib; sourceTree = "<group>"; };
		38774B601AD313F70017C37C /* ListTests.xctest */ = {isa = PBXFileReference; explicitFileType = wrapper.cfbundle; includeInIndex = 0; path = ListTests.xctest; sourceTree = BUILT_PRODUCTS_DIR; };
		38774B651AD313F70017C37C /* Info.plist */ = {isa = PBXFileReference; lastKnownFileType = text.plist.xml; path = Info.plist; sourceTree = "<group>"; };
		38774B661AD313F70017C37C /* ListTests.m */ = {isa = PBXFileReference; lastKnownFileType = sourcecode.c.objc; path = ListTests.m; sourceTree = "<group>"; };
		38774B731AD314560017C37C /* JSMTask.h */ = {isa = PBXFileReference; fileEncoding = 4; lastKnownFileType = sourcecode.c.h; path = JSMTask.h; sourceTree = "<group>"; };
		38774B741AD314560017C37C /* JSMTask.m */ = {isa = PBXFileReference; fileEncoding = 4; lastKnownFileType = sourcecode.c.objc; path = JSMTask.m; sourceTree = "<group>"; };
		38AA79051AFE8D1100A5A5D5 /* UILabel+WhiteUIDatePickerLabels.h */ = {isa = PBXFileReference; fileEncoding = 4; lastKnownFileType = sourcecode.c.h; path = "UILabel+WhiteUIDatePickerLabels.h"; sourceTree = "<group>"; };
		38AA79061AFE8D1100A5A5D5 /* UILabel+WhiteUIDatePickerLabels.m */ = {isa = PBXFileReference; fileEncoding = 4; lastKnownFileType = sourcecode.c.objc; path = "UILabel+WhiteUIDatePickerLabels.m"; sourceTree = "<group>"; };
		38ADD4051AF96784000BC5CF /* JSMNewTaskTableViewController.h */ = {isa = PBXFileReference; fileEncoding = 4; lastKnownFileType = sourcecode.c.h; path = JSMNewTaskTableViewController.h; sourceTree = "<group>"; };
		38ADD4061AF96784000BC5CF /* JSMNewTaskTableViewController.m */ = {isa = PBXFileReference; fileEncoding = 4; lastKnownFileType = sourcecode.c.objc; path = JSMNewTaskTableViewController.m; sourceTree = "<group>"; };
		38ADD40B1AF9B875000BC5CF /* JSMTaskListTableViewController.h */ = {isa = PBXFileReference; fileEncoding = 4; lastKnownFileType = sourcecode.c.h; path = JSMTaskListTableViewController.h; sourceTree = "<group>"; };
		38ADD40C1AF9B875000BC5CF /* JSMTaskListTableViewController.m */ = {isa = PBXFileReference; fileEncoding = 4; lastKnownFileType = sourcecode.c.objc; path = JSMTaskListTableViewController.m; sourceTree = "<group>"; };
		38ADD40E1AF9C101000BC5CF /* JSMTaskTableViewCell.h */ = {isa = PBXFileReference; fileEncoding = 4; lastKnownFileType = sourcecode.c.h; path = JSMTaskTableViewCell.h; sourceTree = "<group>"; };
		38ADD40F1AF9C101000BC5CF /* JSMTaskTableViewCell.m */ = {isa = PBXFileReference; fileEncoding = 4; lastKnownFileType = sourcecode.c.objc; path = JSMTaskTableViewCell.m; sourceTree = "<group>"; };
		38E423CC1B244AEF0085F183 /* List.xcdatamodel */ = {isa = PBXFileReference; lastKnownFileType = wrapper.xcdatamodel; path = List.xcdatamodel; sourceTree = "<group>"; };
		38FEBB451AD42ABD00C4FC56 /* JSMConstants.h */ = {isa = PBXFileReference; fileEncoding = 4; lastKnownFileType = sourcecode.c.h; name = JSMConstants.h; path = ../JSMConstants.h; sourceTree = "<group>"; };
		38FEBB461AD42ABD00C4FC56 /* JSMConstants.m */ = {isa = PBXFileReference; fileEncoding = 4; lastKnownFileType = sourcecode.c.objc; name = JSMConstants.m; path = ../JSMConstants.m; sourceTree = "<group>"; };
		817B4FBFF77FAAB80E3D0D50 /* Pods-List.debug.xcconfig */ = {isa = PBXFileReference; includeInIndex = 1; lastKnownFileType = text.xcconfig; name = "Pods-List.debug.xcconfig"; path = "Pods/Target Support Files/Pods-List/Pods-List.debug.xcconfig"; sourceTree = "<group>"; };
		A215EDF48DED864F9E1A3EF3 /* libPods-List.a */ = {isa = PBXFileReference; explicitFileType = archive.ar; includeInIndex = 0; path = "libPods-List.a"; sourceTree = BUILT_PRODUCTS_DIR; };
		E7442BE18CF134B5F6DB38D6 /* Pods-List.release.xcconfig */ = {isa = PBXFileReference; includeInIndex = 1; lastKnownFileType = text.xcconfig; name = "Pods-List.release.xcconfig"; path = "Pods/Target Support Files/Pods-List/Pods-List.release.xcconfig"; sourceTree = "<group>"; };
/* End PBXFileReference section */

/* Begin PBXFrameworksBuildPhase section */
		38774B441AD313F70017C37C /* Frameworks */ = {
			isa = PBXFrameworksBuildPhase;
			buildActionMask = 2147483647;
			files = (
				CAE61324BBB18258CF565377 /* libPods-List.a in Frameworks */,
			);
			runOnlyForDeploymentPostprocessing = 0;
		};
		38774B5D1AD313F70017C37C /* Frameworks */ = {
			isa = PBXFrameworksBuildPhase;
			buildActionMask = 2147483647;
			files = (
			);
			runOnlyForDeploymentPostprocessing = 0;
		};
/* End PBXFrameworksBuildPhase section */

/* Begin PBXGroup section */
		0160BA636E600460AD9CC790 /* Pods */ = {
			isa = PBXGroup;
			children = (
				817B4FBFF77FAAB80E3D0D50 /* Pods-List.debug.xcconfig */,
				E7442BE18CF134B5F6DB38D6 /* Pods-List.release.xcconfig */,
			);
			name = Pods;
			sourceTree = "<group>";
		};
		38774B3E1AD313F70017C37C = {
			isa = PBXGroup;
			children = (
				38774B491AD313F70017C37C /* List */,
				38774B631AD313F70017C37C /* ListTests */,
				38774B481AD313F70017C37C /* Products */,
				0160BA636E600460AD9CC790 /* Pods */,
				5C0C6757CDCCE6B7244D0AB6 /* Frameworks */,
			);
			sourceTree = "<group>";
		};
		38774B481AD313F70017C37C /* Products */ = {
			isa = PBXGroup;
			children = (
				38774B471AD313F70017C37C /* List.app */,
				38774B601AD313F70017C37C /* ListTests.xctest */,
			);
			name = Products;
			sourceTree = "<group>";
		};
		38774B491AD313F70017C37C /* List */ = {
			isa = PBXGroup;
			children = (
				38774B4E1AD313F70017C37C /* AppDelegate.h */,
				38774B4F1AD313F70017C37C /* AppDelegate.m */,
				38774B511AD313F70017C37C /* ViewController.h */,
				38774B521AD313F70017C37C /* ViewController.m */,
				38774B701AD3140E0017C37C /* Model */,
				38774B711AD314180017C37C /* View */,
				38774B721AD314250017C37C /* Controller */,
				38774B571AD313F70017C37C /* Images.xcassets */,
				38774B4A1AD313F70017C37C /* Supporting Files */,
			);
			path = List;
			sourceTree = "<group>";
		};
		38774B4A1AD313F70017C37C /* Supporting Files */ = {
			isa = PBXGroup;
			children = (
				38774B4B1AD313F70017C37C /* Info.plist */,
				38774B4C1AD313F70017C37C /* main.m */,
			);
			name = "Supporting Files";
			sourceTree = "<group>";
		};
		38774B631AD313F70017C37C /* ListTests */ = {
			isa = PBXGroup;
			children = (
				38774B661AD313F70017C37C /* ListTests.m */,
				38774B641AD313F70017C37C /* Supporting Files */,
			);
			path = ListTests;
			sourceTree = "<group>";
		};
		38774B641AD313F70017C37C /* Supporting Files */ = {
			isa = PBXGroup;
			children = (
				38774B651AD313F70017C37C /* Info.plist */,
			);
			name = "Supporting Files";
			sourceTree = "<group>";
		};
		38774B701AD3140E0017C37C /* Model */ = {
			isa = PBXGroup;
			children = (
				38774B731AD314560017C37C /* JSMTask.h */,
				38774B741AD314560017C37C /* JSMTask.m */,
				38E423CB1B244AEF0085F183 /* List.xcdatamodeld */,
				381728311AEBFA53003510F8 /* JSMTaskList.h */,
				381728321AEBFA53003510F8 /* JSMTaskList.m */,
				381728341AEBFBBD003510F8 /* JSMTaskDataManager.h */,
				381728351AEBFBBD003510F8 /* JSMTaskDataManager.m */,
				38FEBB451AD42ABD00C4FC56 /* JSMConstants.h */,
				38FEBB461AD42ABD00C4FC56 /* JSMConstants.m */,
				38AA79051AFE8D1100A5A5D5 /* UILabel+WhiteUIDatePickerLabels.h */,
				38AA79061AFE8D1100A5A5D5 /* UILabel+WhiteUIDatePickerLabels.m */,
			);
			name = Model;
			sourceTree = "<group>";
		};
		38774B711AD314180017C37C /* View */ = {
			isa = PBXGroup;
			children = (
				38774B541AD313F70017C37C /* Main.storyboard */,
				38774B591AD313F70017C37C /* LaunchScreen.xib */,
				38ADD40E1AF9C101000BC5CF /* JSMTaskTableViewCell.h */,
				38ADD40F1AF9C101000BC5CF /* JSMTaskTableViewCell.m */,
			);
			name = View;
			sourceTree = "<group>";
		};
		38774B721AD314250017C37C /* Controller */ = {
			isa = PBXGroup;
			children = (
				38ADD40B1AF9B875000BC5CF /* JSMTaskListTableViewController.h */,
				38ADD40C1AF9B875000BC5CF /* JSMTaskListTableViewController.m */,
				38ADD4051AF96784000BC5CF /* JSMNewTaskTableViewController.h */,
				38ADD4061AF96784000BC5CF /* JSMNewTaskTableViewController.m */,
				382BF47F1B19184F0029CF97 /* JSMTaskTableViewController.h */,
				382BF4801B19184F0029CF97 /* JSMTaskTableViewController.m */,
			);
			name = Controller;
			sourceTree = "<group>";
		};
		5C0C6757CDCCE6B7244D0AB6 /* Frameworks */ = {
			isa = PBXGroup;
			children = (
				A215EDF48DED864F9E1A3EF3 /* libPods-List.a */,
			);
			name = Frameworks;
			sourceTree = "<group>";
		};
/* End PBXGroup section */

/* Begin PBXNativeTarget section */
		38774B461AD313F70017C37C /* List */ = {
			isa = PBXNativeTarget;
			buildConfigurationList = 38774B6A1AD313F70017C37C /* Build configuration list for PBXNativeTarget "List" */;
			buildPhases = (
				652BC304116EA259FFBB935D /* Check Pods Manifest.lock */,
				38774B431AD313F70017C37C /* Sources */,
				38774B441AD313F70017C37C /* Frameworks */,
				38774B451AD313F70017C37C /* Resources */,
				3A97D52005E6FDB608FC7D57 /* Copy Pods Resources */,
			);
			buildRules = (
			);
			dependencies = (
			);
			name = List;
			productName = List;
			productReference = 38774B471AD313F70017C37C /* List.app */;
			productType = "com.apple.product-type.application";
		};
		38774B5F1AD313F70017C37C /* ListTests */ = {
			isa = PBXNativeTarget;
			buildConfigurationList = 38774B6D1AD313F70017C37C /* Build configuration list for PBXNativeTarget "ListTests" */;
			buildPhases = (
				38774B5C1AD313F70017C37C /* Sources */,
				38774B5D1AD313F70017C37C /* Frameworks */,
				38774B5E1AD313F70017C37C /* Resources */,
			);
			buildRules = (
			);
			dependencies = (
				38774B621AD313F70017C37C /* PBXTargetDependency */,
			);
			name = ListTests;
			productName = ListTests;
			productReference = 38774B601AD313F70017C37C /* ListTests.xctest */;
			productType = "com.apple.product-type.bundle.unit-test";
		};
/* End PBXNativeTarget section */

/* Begin PBXProject section */
		38774B3F1AD313F70017C37C /* Project object */ = {
			isa = PBXProject;
			attributes = {
				LastUpgradeCheck = 0620;
				ORGANIZATIONNAME = "Joseph Smalls-Mantey";
				TargetAttributes = {
					38774B461AD313F70017C37C = {
						CreatedOnToolsVersion = 6.2;
					};
					38774B5F1AD313F70017C37C = {
						CreatedOnToolsVersion = 6.2;
						TestTargetID = 38774B461AD313F70017C37C;
					};
				};
			};
			buildConfigurationList = 38774B421AD313F70017C37C /* Build configuration list for PBXProject "List" */;
			compatibilityVersion = "Xcode 3.2";
			developmentRegion = English;
			hasScannedForEncodings = 0;
			knownRegions = (
				en,
				Base,
			);
			mainGroup = 38774B3E1AD313F70017C37C;
			productRefGroup = 38774B481AD313F70017C37C /* Products */;
			projectDirPath = "";
			projectRoot = "";
			targets = (
				38774B461AD313F70017C37C /* List */,
				38774B5F1AD313F70017C37C /* ListTests */,
			);
		};
/* End PBXProject section */

/* Begin PBXResourcesBuildPhase section */
		38774B451AD313F70017C37C /* Resources */ = {
			isa = PBXResourcesBuildPhase;
			buildActionMask = 2147483647;
			files = (
				38774B561AD313F70017C37C /* Main.storyboard in Resources */,
				38774B5B1AD313F70017C37C /* LaunchScreen.xib in Resources */,
				38774B581AD313F70017C37C /* Images.xcassets in Resources */,
			);
			runOnlyForDeploymentPostprocessing = 0;
		};
		38774B5E1AD313F70017C37C /* Resources */ = {
			isa = PBXResourcesBuildPhase;
			buildActionMask = 2147483647;
			files = (
			);
			runOnlyForDeploymentPostprocessing = 0;
		};
/* End PBXResourcesBuildPhase section */

/* Begin PBXShellScriptBuildPhase section */
		3A97D52005E6FDB608FC7D57 /* Copy Pods Resources */ = {
			isa = PBXShellScriptBuildPhase;
			buildActionMask = 2147483647;
			files = (
			);
			inputPaths = (
			);
			name = "Copy Pods Resources";
			outputPaths = (
			);
			runOnlyForDeploymentPostprocessing = 0;
			shellPath = /bin/sh;
			shellScript = "\"${SRCROOT}/Pods/Target Support Files/Pods-List/Pods-List-resources.sh\"\n";
			showEnvVarsInLog = 0;
		};
		652BC304116EA259FFBB935D /* Check Pods Manifest.lock */ = {
			isa = PBXShellScriptBuildPhase;
			buildActionMask = 2147483647;
			files = (
			);
			inputPaths = (
			);
			name = "Check Pods Manifest.lock";
			outputPaths = (
			);
			runOnlyForDeploymentPostprocessing = 0;
			shellPath = /bin/sh;
			shellScript = "diff \"${PODS_ROOT}/../Podfile.lock\" \"${PODS_ROOT}/Manifest.lock\" > /dev/null\nif [[ $? != 0 ]] ; then\n    cat << EOM\nerror: The sandbox is not in sync with the Podfile.lock. Run 'pod install' or update your CocoaPods installation.\nEOM\n    exit 1\nfi\n";
			showEnvVarsInLog = 0;
		};
/* End PBXShellScriptBuildPhase section */

/* Begin PBXSourcesBuildPhase section */
		38774B431AD313F70017C37C /* Sources */ = {
			isa = PBXSourcesBuildPhase;
			buildActionMask = 2147483647;
			files = (
				38FEBB471AD42ABD00C4FC56 /* JSMConstants.m in Sources */,
				38E423CD1B244AEF0085F183 /* List.xcdatamodeld in Sources */,
				381728331AEBFA53003510F8 /* JSMTaskList.m in Sources */,
				38AA79071AFE8D1100A5A5D5 /* UILabel+WhiteUIDatePickerLabels.m in Sources */,
				38ADD4101AF9C101000BC5CF /* JSMTaskTableViewCell.m in Sources */,
				38ADD40D1AF9B875000BC5CF /* JSMTaskListTableViewController.m in Sources */,
				38774B751AD314560017C37C /* JSMTask.m in Sources */,
				381728361AEBFBBD003510F8 /* JSMTaskDataManager.m in Sources */,
				382BF4811B19184F0029CF97 /* JSMTaskTableViewController.m in Sources */,
				38774B531AD313F70017C37C /* ViewController.m in Sources */,
				38774B501AD313F70017C37C /* AppDelegate.m in Sources */,
				38ADD4071AF96784000BC5CF /* JSMNewTaskTableViewController.m in Sources */,
				38774B4D1AD313F70017C37C /* main.m in Sources */,
			);
			runOnlyForDeploymentPostprocessing = 0;
		};
		38774B5C1AD313F70017C37C /* Sources */ = {
			isa = PBXSourcesBuildPhase;
			buildActionMask = 2147483647;
			files = (
				38774B671AD313F70017C37C /* ListTests.m in Sources */,
			);
			runOnlyForDeploymentPostprocessing = 0;
		};
/* End PBXSourcesBuildPhase section */

/* Begin PBXTargetDependency section */
		38774B621AD313F70017C37C /* PBXTargetDependency */ = {
			isa = PBXTargetDependency;
			target = 38774B461AD313F70017C37C /* List */;
			targetProxy = 38774B611AD313F70017C37C /* PBXContainerItemProxy */;
		};
/* End PBXTargetDependency section */

/* Begin PBXVariantGroup section */
		38774B541AD313F70017C37C /* Main.storyboard */ = {
			isa = PBXVariantGroup;
			children = (
				38774B551AD313F70017C37C /* Base */,
			);
			name = Main.storyboard;
			sourceTree = "<group>";
		};
		38774B591AD313F70017C37C /* LaunchScreen.xib */ = {
			isa = PBXVariantGroup;
			children = (
				38774B5A1AD313F70017C37C /* Base */,
			);
			name = LaunchScreen.xib;
			sourceTree = "<group>";
		};
/* End PBXVariantGroup section */

/* Begin XCBuildConfiguration section */
		38774B681AD313F70017C37C /* Debug */ = {
			isa = XCBuildConfiguration;
			buildSettings = {
				ALWAYS_SEARCH_USER_PATHS = NO;
				CLANG_CXX_LANGUAGE_STANDARD = "gnu++0x";
				CLANG_CXX_LIBRARY = "libc++";
				CLANG_ENABLE_MODULES = YES;
				CLANG_ENABLE_OBJC_ARC = YES;
				CLANG_WARN_BOOL_CONVERSION = YES;
				CLANG_WARN_CONSTANT_CONVERSION = YES;
				CLANG_WARN_DIRECT_OBJC_ISA_USAGE = YES_ERROR;
				CLANG_WARN_EMPTY_BODY = YES;
				CLANG_WARN_ENUM_CONVERSION = YES;
				CLANG_WARN_INT_CONVERSION = YES;
				CLANG_WARN_OBJC_ROOT_CLASS = YES_ERROR;
				CLANG_WARN_UNREACHABLE_CODE = YES;
				CLANG_WARN__DUPLICATE_METHOD_MATCH = YES;
				"CODE_SIGN_IDENTITY[sdk=iphoneos*]" = "iPhone Developer";
				COPY_PHASE_STRIP = NO;
				ENABLE_STRICT_OBJC_MSGSEND = YES;
				GCC_C_LANGUAGE_STANDARD = gnu99;
				GCC_DYNAMIC_NO_PIC = NO;
				GCC_OPTIMIZATION_LEVEL = 0;
				GCC_PREPROCESSOR_DEFINITIONS = (
					"DEBUG=1",
					"$(inherited)",
				);
				GCC_SYMBOLS_PRIVATE_EXTERN = NO;
				GCC_WARN_64_TO_32_BIT_CONVERSION = YES;
				GCC_WARN_ABOUT_RETURN_TYPE = YES_ERROR;
				GCC_WARN_UNDECLARED_SELECTOR = YES;
				GCC_WARN_UNINITIALIZED_AUTOS = YES_AGGRESSIVE;
				GCC_WARN_UNUSED_FUNCTION = YES;
				GCC_WARN_UNUSED_VARIABLE = YES;
				IPHONEOS_DEPLOYMENT_TARGET = 8.2;
				MTL_ENABLE_DEBUG_INFO = YES;
				ONLY_ACTIVE_ARCH = YES;
				SDKROOT = iphoneos;
				TARGETED_DEVICE_FAMILY = "1,2";
			};
			name = Debug;
		};
		38774B691AD313F70017C37C /* Release */ = {
			isa = XCBuildConfiguration;
			buildSettings = {
				ALWAYS_SEARCH_USER_PATHS = NO;
				CLANG_CXX_LANGUAGE_STANDARD = "gnu++0x";
				CLANG_CXX_LIBRARY = "libc++";
				CLANG_ENABLE_MODULES = YES;
				CLANG_ENABLE_OBJC_ARC = YES;
				CLANG_WARN_BOOL_CONVERSION = YES;
				CLANG_WARN_CONSTANT_CONVERSION = YES;
				CLANG_WARN_DIRECT_OBJC_ISA_USAGE = YES_ERROR;
				CLANG_WARN_EMPTY_BODY = YES;
				CLANG_WARN_ENUM_CONVERSION = YES;
				CLANG_WARN_INT_CONVERSION = YES;
				CLANG_WARN_OBJC_ROOT_CLASS = YES_ERROR;
				CLANG_WARN_UNREACHABLE_CODE = YES;
				CLANG_WARN__DUPLICATE_METHOD_MATCH = YES;
				"CODE_SIGN_IDENTITY[sdk=iphoneos*]" = "iPhone Developer";
				COPY_PHASE_STRIP = NO;
				ENABLE_NS_ASSERTIONS = NO;
				ENABLE_STRICT_OBJC_MSGSEND = YES;
				GCC_C_LANGUAGE_STANDARD = gnu99;
				GCC_WARN_64_TO_32_BIT_CONVERSION = YES;
				GCC_WARN_ABOUT_RETURN_TYPE = YES_ERROR;
				GCC_WARN_UNDECLARED_SELECTOR = YES;
				GCC_WARN_UNINITIALIZED_AUTOS = YES_AGGRESSIVE;
				GCC_WARN_UNUSED_FUNCTION = YES;
				GCC_WARN_UNUSED_VARIABLE = YES;
				IPHONEOS_DEPLOYMENT_TARGET = 8.2;
				MTL_ENABLE_DEBUG_INFO = NO;
				SDKROOT = iphoneos;
				TARGETED_DEVICE_FAMILY = "1,2";
				VALIDATE_PRODUCT = YES;
			};
			name = Release;
		};
		38774B6B1AD313F70017C37C /* Debug */ = {
			isa = XCBuildConfiguration;
			baseConfigurationReference = 817B4FBFF77FAAB80E3D0D50 /* Pods-List.debug.xcconfig */;
			buildSettings = {
				ASSETCATALOG_COMPILER_APPICON_NAME = AppIcon;
				INFOPLIST_FILE = List/Info.plist;
				LD_RUNPATH_SEARCH_PATHS = "$(inherited) @executable_path/Frameworks";
				PRODUCT_NAME = "$(TARGET_NAME)";
			};
			name = Debug;
		};
		38774B6C1AD313F70017C37C /* Release */ = {
			isa = XCBuildConfiguration;
			baseConfigurationReference = E7442BE18CF134B5F6DB38D6 /* Pods-List.release.xcconfig */;
			buildSettings = {
				ASSETCATALOG_COMPILER_APPICON_NAME = AppIcon;
				INFOPLIST_FILE = List/Info.plist;
				LD_RUNPATH_SEARCH_PATHS = "$(inherited) @executable_path/Frameworks";
				PRODUCT_NAME = "$(TARGET_NAME)";
			};
			name = Release;
		};
		38774B6E1AD313F70017C37C /* Debug */ = {
			isa = XCBuildConfiguration;
			buildSettings = {
				BUNDLE_LOADER = "$(TEST_HOST)";
				FRAMEWORK_SEARCH_PATHS = (
					"$(SDKROOT)/Developer/Library/Frameworks",
					"$(inherited)",
				);
				GCC_PREPROCESSOR_DEFINITIONS = (
					"DEBUG=1",
					"$(inherited)",
				);
				INFOPLIST_FILE = ListTests/Info.plist;
				LD_RUNPATH_SEARCH_PATHS = "$(inherited) @executable_path/Frameworks @loader_path/Frameworks";
				PRODUCT_NAME = "$(TARGET_NAME)";
				TEST_HOST = "$(BUILT_PRODUCTS_DIR)/List.app/List";
			};
			name = Debug;
		};
		38774B6F1AD313F70017C37C /* Release */ = {
			isa = XCBuildConfiguration;
			buildSettings = {
				BUNDLE_LOADER = "$(TEST_HOST)";
				FRAMEWORK_SEARCH_PATHS = (
					"$(SDKROOT)/Developer/Library/Frameworks",
					"$(inherited)",
				);
				INFOPLIST_FILE = ListTests/Info.plist;
				LD_RUNPATH_SEARCH_PATHS = "$(inherited) @executable_path/Frameworks @loader_path/Frameworks";
				PRODUCT_NAME = "$(TARGET_NAME)";
				TEST_HOST = "$(BUILT_PRODUCTS_DIR)/List.app/List";
			};
			name = Release;
		};
/* End XCBuildConfiguration section */

/* Begin XCConfigurationList section */
		38774B421AD313F70017C37C /* Build configuration list for PBXProject "List" */ = {
			isa = XCConfigurationList;
			buildConfigurations = (
				38774B681AD313F70017C37C /* Debug */,
				38774B691AD313F70017C37C /* Release */,
			);
			defaultConfigurationIsVisible = 0;
			defaultConfigurationName = Release;
		};
		38774B6A1AD313F70017C37C /* Build configuration list for PBXNativeTarget "List" */ = {
			isa = XCConfigurationList;
			buildConfigurations = (
				38774B6B1AD313F70017C37C /* Debug */,
				38774B6C1AD313F70017C37C /* Release */,
			);
			defaultConfigurationIsVisible = 0;
			defaultConfigurationName = Release;
		};
		38774B6D1AD313F70017C37C /* Build configuration list for PBXNativeTarget "ListTests" */ = {
			isa = XCConfigurationList;
			buildConfigurations = (
				38774B6E1AD313F70017C37C /* Debug */,
				38774B6F1AD313F70017C37C /* Release */,
			);
			defaultConfigurationIsVisible = 0;
			defaultConfigurationName = Release;
		};
/* End XCConfigurationList section */

/* Begin XCVersionGroup section */
		38E423CB1B244AEF0085F183 /* List.xcdatamodeld */ = {
			isa = XCVersionGroup;
			children = (
				38E423CC1B244AEF0085F183 /* List.xcdatamodel */,
			);
			currentVersion = 38E423CC1B244AEF0085F183 /* List.xcdatamodel */;
			path = List.xcdatamodeld;
			sourceTree = "<group>";
			versionGroupType = wrapper.xcdatamodel;
		};
/* End XCVersionGroup section */
	};
	rootObject = 38774B3F1AD313F70017C37C /* Project object */;
}
